
Microsoft Visual Studio Solution File, Format Version 12.00
# Visual Studio 15
VisualStudioVersion = 15.0.27703.2026
MinimumVisualStudioVersion = 10.0.40219.1
Project("{FAE04EC0-301F-11D3-BF4B-00C04F79EFBC}") = "asddotnetcore", "asddotnetcore\asddotnetcore.csproj", "{D0529A38-540D-46F1-B9B6-F4D262AB592C}"
EndProject
Global
	GlobalSection(SolutionConfigurationPlatforms) = preSolution
		Debug|Any CPU = Debug|Any CPU
		Release|Any CPU = Release|Any CPU
	EndGlobalSection
	GlobalSection(ProjectConfigurationPlatforms) = postSolution
		{D0529A38-540D-46F1-B9B6-F4D262AB592C}.Debug|Any CPU.ActiveCfg = Debug|Any CPU
		{D0529A38-540D-46F1-B9B6-F4D262AB592C}.Debug|Any CPU.Build.0 = Debug|Any CPU
		{D0529A38-540D-46F1-B9B6-F4D262AB592C}.Release|Any CPU.ActiveCfg = Release|Any CPU
		{D0529A38-540D-46F1-B9B6-F4D262AB592C}.Release|Any CPU.Build.0 = Release|Any CPU
	EndGlobalSection
	GlobalSection(SolutionProperties) = preSolution
		HideSolutionNode = FALSE
	EndGlobalSection
	GlobalSection(ExtensibilityGlobals) = postSolution
		SolutionGuid = {6C1FBAEF-DCB7-4413-B482-83712D72A371}
	EndGlobalSection
EndGlobal
